
Microsoft Visual Studio Solution File, Format Version 12.00
# Visual Studio Version 16
VisualStudioVersion = 16.0.34729.46
MinimumVisualStudioVersion = 10.0.40219.1
Project("{FAE04EC0-301F-11D3-BF4B-00C04F79EFBC}") = "PLL", "PLL\PLL.csproj", "{6177CC6B-7995-4F51-ACC4-A05D48459499}"
EndProject
Project("{FAE04EC0-301F-11D3-BF4B-00C04F79EFBC}") = "BLL", "BLL\BLL.csproj", "{600E303E-8FFF-41BD-8182-D55BDC4E6245}"
EndProject
Project("{FAE04EC0-301F-11D3-BF4B-00C04F79EFBC}") = "DBL", "DBL\DBL.csproj", "{55E4C4C9-3C52-41C0-9B78-AFBE56F919B2}"
EndProject
Global
	GlobalSection(SolutionConfigurationPlatforms) = preSolution
		Debug|Any CPU = Debug|Any CPU
		Release|Any CPU = Release|Any CPU
	EndGlobalSection
	GlobalSection(ProjectConfigurationPlatforms) = postSolution
		{6177CC6B-7995-4F51-ACC4-A05D48459499}.Debug|Any CPU.ActiveCfg = Debug|Any CPU
		{6177CC6B-7995-4F51-ACC4-A05D48459499}.Debug|Any CPU.Build.0 = Debug|Any CPU
		{6177CC6B-7995-4F51-ACC4-A05D48459499}.Release|Any CPU.ActiveCfg = Release|Any CPU
		{6177CC6B-7995-4F51-ACC4-A05D48459499}.Release|Any CPU.Build.0 = Release|Any CPU
		{600E303E-8FFF-41BD-8182-D55BDC4E6245}.Debug|Any CPU.ActiveCfg = Debug|Any CPU
		{600E303E-8FFF-41BD-8182-D55BDC4E6245}.Debug|Any CPU.Build.0 = Debug|Any CPU
		{600E303E-8FFF-41BD-8182-D55BDC4E6245}.Release|Any CPU.ActiveCfg = Release|Any CPU
		{600E303E-8FFF-41BD-8182-D55BDC4E6245}.Release|Any CPU.Build.0 = Release|Any CPU
		{55E4C4C9-3C52-41C0-9B78-AFBE56F919B2}.Debug|Any CPU.ActiveCfg = Debug|Any CPU
		{55E4C4C9-3C52-41C0-9B78-AFBE56F919B2}.Debug|Any CPU.Build.0 = Debug|Any CPU
		{55E4C4C9-3C52-41C0-9B78-AFBE56F919B2}.Release|Any CPU.ActiveCfg = Release|Any CPU
		{55E4C4C9-3C52-41C0-9B78-AFBE56F919B2}.Release|Any CPU.Build.0 = Release|Any CPU
	EndGlobalSection
	GlobalSection(SolutionProperties) = preSolution
		HideSolutionNode = FALSE
	EndGlobalSection
	GlobalSection(ExtensibilityGlobals) = postSolution
		SolutionGuid = {7EA10970-1912-4F02-A784-AAB998E0E639}
	EndGlobalSection
EndGlobal
